{
    "_readme": [
        "This file locks the dependencies of your project to a known state",
        "Read more about it at https://getcomposer.org/doc/01-basic-usage.md#installing-dependencies",
        "This file is @generated automatically"
    ],
    "content-hash": "4a12797a96f730465eec0039d0b33340",
    "packages": [
        {
            "name": "azuyalabs/yasumi",
            "version": "2.0.0",
            "source": {
                "type": "git",
                "url": "https://github.com/azuyalabs/yasumi.git",
                "reference": "f66dd7724d83d07b56d1d0529d9cf78642b7d09b"
            },
            "dist": {
                "type": "zip",
                "url": "https://api.github.com/repos/azuyalabs/yasumi/zipball/f66dd7724d83d07b56d1d0529d9cf78642b7d09b",
                "reference": "f66dd7724d83d07b56d1d0529d9cf78642b7d09b",
                "shasum": ""
            },
            "require": {
                "php": ">=7.1"
            },
            "require-dev": {
                "friendsofphp/php-cs-fixer": "^2.14",
                "fzaninotto/faker": "~1.8",
                "mikey179/vfsstream": "~1.6",
                "phpunit/phpunit": "~7.5"
            },
            "type": "library",
            "autoload": {
                "psr-4": {
                    "Yasumi\\": "src/Yasumi/"
                }
            },
            "notification-url": "https://packagist.org/downloads/",
            "license": [
                "MIT"
            ],
            "authors": [
                {
                    "name": "Sacha Telgenhof",
                    "email": "me@sachatelgenhof.com"
                }
            ],
            "description": "Yasumi is an easy PHP Library for calculating national holidays.",
            "keywords": [
                "Bank",
                "calculation",
                "calendar",
                "celebration",
                "date",
                "holiday",
                "holidays",
                "national",
                "time"
            ],
            "time": "2019-01-11T12:01:14+00:00"
        }
    ],
    "packages-dev": [],
    "aliases": [],
    "minimum-stability": "stable",
    "stability-flags": [],
    "prefer-stable": false,
    "prefer-lowest": false,
    "platform": [],
    "platform-dev": []
}
